{
  "nodes": {
    "flake-schemas": {
      "locked": {
        "lastModified": 1721999734,
        "narHash": "sha256-G5CxYeJVm4lcEtaO87LKzOsVnWeTcHGKbKxNamNWgOw=",
        "rev": "0a5c42297d870156d9c57d8f99e476b738dcd982",
        "revCount": 75,
        "type": "tarball",
        "url": "https://api.flakehub.com/f/pinned/DeterminateSystems/flake-schemas/0.1.5/0190ef2f-61e0-794b-ba14-e82f225e55e6/source.tar.gz"
      },
      "original": {
        "type": "tarball",
        "url": "https://flakehub.com/f/DeterminateSystems/flake-schemas/%2A"
      }
    },
    "home-manager": {
      "inputs": {
        "nixpkgs": [
          "nixpkgs"
        ]
      },
      "locked": {
        "lastModified": 1753198507,
        "narHash": "sha256-NCG6izg+B3zsCwcT6+ssiWT3Y202jhOqGL/zh6fofa4=",
        "owner": "nix-community",
        "repo": "home-manager",
        "rev": "fce051eaf881220843401df545a1444ab676520c",
        "type": "github"
      },
      "original": {
        "owner": "nix-community",
        "ref": "release-25.05",
        "repo": "home-manager",
        "type": "github"
      }
    },
    "nix-darwin": {
      "inputs": {
        "nixpkgs": [
          "nixpkgs"
        ]
      },
      "locked": {
        "lastModified": 1749744770,
        "narHash": "sha256-MEM9XXHgBF/Cyv1RES1t6gqAX7/tvayBC1r/KPyK1ls=",
        "owner": "lnl7",
        "repo": "nix-darwin",
        "rev": "536f951efb1ccda9b968e3c9dee39fbeb6d3fdeb",
        "type": "github"
      },
      "original": {
        "owner": "lnl7",
        "ref": "nix-darwin-25.05",
        "repo": "nix-darwin",
        "type": "github"
      }
    },
    "nixpkgs": {
      "locked": {
        "lastModified": 1752866191,
        "narHash": "sha256-NV4S2Lf2hYmZQ3Qf4t/YyyBaJNuxLPyjzvDma0zPp/M=",
        "rev": "f01fe91b0108a7aff99c99f2e9abbc45db0adc2a",
        "revCount": 806668,
        "type": "tarball",
        "url": "https://api.flakehub.com/f/pinned/NixOS/nixpkgs/0.2505.806668%2Brev-f01fe91b0108a7aff99c99f2e9abbc45db0adc2a/0198265b-7f79-72d2-af6f-40a40431be71/source.tar.gz"
      },
      "original": {
        "type": "tarball",
        "url": "https://flakehub.com/f/NixOS/nixpkgs/0"
      }
    },
    "nixpkgs-unstable": {
      "locked": {
        "lastModified": 1752950548,
        "narHash": "sha256-NS6BLD0lxOrnCiEOcvQCDVPXafX1/ek1dfJHX1nUIzc=",
        "rev": "c87b95e25065c028d31a94f06a62927d18763fdf",
        "revCount": 832220,
        "type": "tarball",
        "url": "https://api.flakehub.com/f/pinned/NixOS/nixpkgs/0.1.832220%2Brev-c87b95e25065c028d31a94f06a62927d18763fdf/019828eb-3d8e-78ea-90c9-36ea34c3d9be/source.tar.gz"
      },
      "original": {
        "type": "tarball",
        "url": "https://flakehub.com/f/NixOS/nixpkgs/0.1"
      }
    },
    "root": {
      "inputs": {
        "flake-schemas": "flake-schemas",
        "home-manager": "home-manager",
        "nix-darwin": "nix-darwin",
        "nixpkgs": "nixpkgs",
        "nixpkgs-unstable": "nixpkgs-unstable"
      }
    }
  },
  "root": "root",
  "version": 7
}
